// !$*UTF8*$!
{
	archiveVersion = 1;
	classes = {
	};
	objectVersion = 48;
	objects = {

/* Begin PBXBuildFile section */
		866B146A1F889DA80082B5C9 /* AppDelegate.m in Sources */ = {isa = PBXBuildFile; fileRef = 866B14691F889DA80082B5C9 /* AppDelegate.m */; };
		866B146D1F889DA80082B5C9 /* ViewController.m in Sources */ = {isa = PBXBuildFile; fileRef = 866B146C1F889DA80082B5C9 /* ViewController.m */; };
		866B14701F889DA80082B5C9 /* Main.storyboard in Resources */ = {isa = PBXBuildFile; fileRef = 866B146E1F889DA80082B5C9 /* Main.storyboard */; };
		866B14721F889DA80082B5C9 /* Assets.xcassets in Resources */ = {isa = PBXBuildFile; fileRef = 866B14711F889DA80082B5C9 /* Assets.xcassets */; };
		866B14751F889DA80082B5C9 /* LaunchScreen.storyboard in Resources */ = {isa = PBXBuildFile; fileRef = 866B14731F889DA80082B5C9 /* LaunchScreen.storyboard */; };
		866B14781F889DA80082B5C9 /* main.m in Sources */ = {isa = PBXBuildFile; fileRef = 866B14771F889DA80082B5C9 /* main.m */; };
		866B14821F889DA80082B5C9 /* HelloWorldTests.m in Sources */ = {isa = PBXBuildFile; fileRef = 866B14811F889DA80082B5C9 /* HelloWorldTests.m */; };
		866B148D1F889DA80082B5C9 /* HelloWorldUITests.m in Sources */ = {isa = PBXBuildFile; fileRef = 866B148C1F889DA80082B5C9 /* HelloWorldUITests.m */; };
		868AA618206F73FB004D9F7E /* Person.m in Sources */ = {isa = PBXBuildFile; fileRef = 868AA617206F73FB004D9F7E /* Person.m */; };
/* End PBXBuildFile section */

/* Begin PBXContainerItemProxy section */
		866B147E1F889DA80082B5C9 /* PBXContainerItemProxy */ = {
			isa = PBXContainerItemProxy;
			containerPortal = 866B145D1F889DA80082B5C9 /* Project object */;
			proxyType = 1;
			remoteGlobalIDString = 866B14641F889DA80082B5C9;
			remoteInfo = HelloWorld;
		};
		866B14891F889DA80082B5C9 /* PBXContainerItemProxy */ = {
			isa = PBXContainerItemProxy;
			containerPortal = 866B145D1F889DA80082B5C9 /* Project object */;
			proxyType = 1;
			remoteGlobalIDString = 866B14641F889DA80082B5C9;
			remoteInfo = HelloWorld;
		};
/* End PBXContainerItemProxy section */

/* Begin PBXFileReference section */
		866B14651F889DA80082B5C9 /* HelloWorld.app */ = {isa = PBXFileReference; explicitFileType = wrapper.application; includeInIndex = 0; path = HelloWorld.app; sourceTree = BUILT_PRODUCTS_DIR; };
		866B14681F889DA80082B5C9 /* AppDelegate.h */ = {isa = PBXFileReference; lastKnownFileType = sourcecode.c.h; path = AppDelegate.h; sourceTree = "<group>"; };
		866B14691F889DA80082B5C9 /* AppDelegate.m */ = {isa = PBXFileReference; lastKnownFileType = sourcecode.c.objc; path = AppDelegate.m; sourceTree = "<group>"; };
		866B146B1F889DA80082B5C9 /* ViewController.h */ = {isa = PBXFileReference; lastKnownFileType = sourcecode.c.h; path = ViewController.h; sourceTree = "<group>"; };
		866B146C1F889DA80082B5C9 /* ViewController.m */ = {isa = PBXFileReference; lastKnownFileType = sourcecode.c.objc; path = ViewController.m; sourceTree = "<group>"; };
		866B146F1F889DA80082B5C9 /* Base */ = {isa = PBXFileReference; lastKnownFileType = file.storyboard; name = Base; path = Base.lproj/Main.storyboard; sourceTree = "<group>"; };
		866B14711F889DA80082B5C9 /* Assets.xcassets */ = {isa = PBXFileReference; lastKnownFileType = folder.assetcatalog; path = Assets.xcassets; sourceTree = "<group>"; };
		866B14741F889DA80082B5C9 /* Base */ = {isa = PBXFileReference; lastKnownFileType = file.storyboard; name = Base; path = Base.lproj/LaunchScreen.storyboard; sourceTree = "<group>"; };
		866B14761F889DA80082B5C9 /* Info.plist */ = {isa = PBXFileReference; lastKnownFileType = text.plist.xml; path = Info.plist; sourceTree = "<group>"; };
		866B14771F889DA80082B5C9 /* main.m */ = {isa = PBXFileReference; lastKnownFileType = sourcecode.c.objc; path = main.m; sourceTree = "<group>"; };
		866B147D1F889DA80082B5C9 /* HelloWorldTests.xctest */ = {isa = PBXFileReference; explicitFileType = wrapper.cfbundle; includeInIndex = 0; path = HelloWorldTests.xctest; sourceTree = BUILT_PRODUCTS_DIR; };
		866B14811F889DA80082B5C9 /* HelloWorldTests.m */ = {isa = PBXFileReference; lastKnownFileType = sourcecode.c.objc; path = HelloWorldTests.m; sourceTree = "<group>"; };
		866B14831F889DA80082B5C9 /* Info.plist */ = {isa = PBXFileReference; lastKnownFileType = text.plist.xml; path = Info.plist; sourceTree = "<group>"; };
		866B14881F889DA80082B5C9 /* HelloWorldUITests.xctest */ = {isa = PBXFileReference; explicitFileType = wrapper.cfbundle; includeInIndex = 0; path = HelloWorldUITests.xctest; sourceTree = BUILT_PRODUCTS_DIR; };
		866B148C1F889DA80082B5C9 /* HelloWorldUITests.m */ = {isa = PBXFileReference; lastKnownFileType = sourcecode.c.objc; path = HelloWorldUITests.m; sourceTree = "<group>"; };
		866B148E1F889DA80082B5C9 /* Info.plist */ = {isa = PBXFileReference; lastKnownFileType = text.plist.xml; path = Info.plist; sourceTree = "<group>"; };
		868AA616206F73FB004D9F7E /* Person.h */ = {isa = PBXFileReference; lastKnownFileType = sourcecode.c.h; path = Person.h; sourceTree = "<group>"; };
		868AA617206F73FB004D9F7E /* Person.m */ = {isa = PBXFileReference; lastKnownFileType = sourcecode.c.objc; path = Person.m; sourceTree = "<group>"; };
/* End PBXFileReference section */

/* Begin PBXFrameworksBuildPhase section */
		866B14621F889DA80082B5C9 /* Frameworks */ = {
			isa = PBXFrameworksBuildPhase;
			buildActionMask = 2147483647;
			files = (
			);
			runOnlyForDeploymentPostprocessing = 0;
		};
		866B147A1F889DA80082B5C9 /* Frameworks */ = {
			isa = PBXFrameworksBuildPhase;
			buildActionMask = 2147483647;
			files = (
			);
			runOnlyForDeploymentPostprocessing = 0;
		};
		866B14851F889DA80082B5C9 /* Frameworks */ = {
			isa = PBXFrameworksBuildPhase;
			buildActionMask = 2147483647;
			files = (
			);
			runOnlyForDeploymentPostprocessing = 0;
		};
/* End PBXFrameworksBuildPhase section */

/* Begin PBXGroup section */
		866B145C1F889DA80082B5C9 = {
			isa = PBXGroup;
			children = (
				866B14671F889DA80082B5C9 /* HelloWorld */,
				866B14801F889DA80082B5C9 /* HelloWorldTests */,
				866B148B1F889DA80082B5C9 /* HelloWorldUITests */,
				866B14661F889DA80082B5C9 /* Products */,
			);
			sourceTree = "<group>";
		};
		866B14661F889DA80082B5C9 /* Products */ = {
			isa = PBXGroup;
			children = (
				866B14651F889DA80082B5C9 /* HelloWorld.app */,
				866B147D1F889DA80082B5C9 /* HelloWorldTests.xctest */,
				866B14881F889DA80082B5C9 /* HelloWorldUITests.xctest */,
			);
			name = Products;
			sourceTree = "<group>";
		};
		866B14671F889DA80082B5C9 /* HelloWorld */ = {
			isa = PBXGroup;
			children = (
				866B14681F889DA80082B5C9 /* AppDelegate.h */,
				866B14691F889DA80082B5C9 /* AppDelegate.m */,
				866B146B1F889DA80082B5C9 /* ViewController.h */,
				866B146C1F889DA80082B5C9 /* ViewController.m */,
				866B146E1F889DA80082B5C9 /* Main.storyboard */,
				866B14711F889DA80082B5C9 /* Assets.xcassets */,
				866B14731F889DA80082B5C9 /* LaunchScreen.storyboard */,
				866B14761F889DA80082B5C9 /* Info.plist */,
				866B14771F889DA80082B5C9 /* main.m */,
				868AA616206F73FB004D9F7E /* Person.h */,
				868AA617206F73FB004D9F7E /* Person.m */,
			);
			path = HelloWorld;
			sourceTree = "<group>";
		};
		866B14801F889DA80082B5C9 /* HelloWorldTests */ = {
			isa = PBXGroup;
			children = (
				866B14811F889DA80082B5C9 /* HelloWorldTests.m */,
				866B14831F889DA80082B5C9 /* Info.plist */,
			);
			path = HelloWorldTests;
			sourceTree = "<group>";
		};
		866B148B1F889DA80082B5C9 /* HelloWorldUITests */ = {
			isa = PBXGroup;
			children = (
				866B148C1F889DA80082B5C9 /* HelloWorldUITests.m */,
				866B148E1F889DA80082B5C9 /* Info.plist */,
			);
			path = HelloWorldUITests;
			sourceTree = "<group>";
		};
/* End PBXGroup section */

/* Begin PBXNativeTarget section */
		866B14641F889DA80082B5C9 /* HelloWorld */ = {
			isa = PBXNativeTarget;
			buildConfigurationList = 866B14911F889DA80082B5C9 /* Build configuration list for PBXNativeTarget "HelloWorld" */;
			buildPhases = (
				866B14611F889DA80082B5C9 /* Sources */,
				866B14621F889DA80082B5C9 /* Frameworks */,
				866B14631F889DA80082B5C9 /* Resources */,
			);
			buildRules = (
			);
			dependencies = (
			);
			name = HelloWorld;
			productName = HelloWorld;
			productReference = 866B14651F889DA80082B5C9 /* HelloWorld.app */;
			productType = "com.apple.product-type.application";
		};
		866B147C1F889DA80082B5C9 /* HelloWorldTests */ = {
			isa = PBXNativeTarget;
			buildConfigurationList = 866B14941F889DA80082B5C9 /* Build configuration list for PBXNativeTarget "HelloWorldTests" */;
			buildPhases = (
				866B14791F889DA80082B5C9 /* Sources */,
				866B147A1F889DA80082B5C9 /* Frameworks */,
				866B147B1F889DA80082B5C9 /* Resources */,
			);
			buildRules = (
			);
			dependencies = (
				866B147F1F889DA80082B5C9 /* PBXTargetDependency */,
			);
			name = HelloWorldTests;
			productName = HelloWorldTests;
			productReference = 866B147D1F889DA80082B5C9 /* HelloWorldTests.xctest */;
			productType = "com.apple.product-type.bundle.unit-test";
		};
		866B14871F889DA80082B5C9 /* HelloWorldUITests */ = {
			isa = PBXNativeTarget;
			buildConfigurationList = 866B14971F889DA80082B5C9 /* Build configuration list for PBXNativeTarget "HelloWorldUITests" */;
			buildPhases = (
				866B14841F889DA80082B5C9 /* Sources */,
				866B14851F889DA80082B5C9 /* Frameworks */,
				866B14861F889DA80082B5C9 /* Resources */,
			);
			buildRules = (
			);
			dependencies = (
				866B148A1F889DA80082B5C9 /* PBXTargetDependency */,
			);
			name = HelloWorldUITests;
			productName = HelloWorldUITests;
			productReference = 866B14881F889DA80082B5C9 /* HelloWorldUITests.xctest */;
			productType = "com.apple.product-type.bundle.ui-testing";
		};
/* End PBXNativeTarget section */

/* Begin PBXProject section */
		866B145D1F889DA80082B5C9 /* Project object */ = {
			isa = PBXProject;
			attributes = {
				LastUpgradeCheck = 0900;
				ORGANIZATIONNAME = "peixuan cheng";
				TargetAttributes = {
					866B14641F889DA80082B5C9 = {
						CreatedOnToolsVersion = 9.0;
						ProvisioningStyle = Automatic;
					};
					866B147C1F889DA80082B5C9 = {
						CreatedOnToolsVersion = 9.0;
						ProvisioningStyle = Automatic;
						TestTargetID = 866B14641F889DA80082B5C9;
					};
					866B14871F889DA80082B5C9 = {
						CreatedOnToolsVersion = 9.0;
						ProvisioningStyle = Automatic;
						TestTargetID = 866B14641F889DA80082B5C9;
					};
				};
			};
			buildConfigurationList = 866B14601F889DA80082B5C9 /* Build configuration list for PBXProject "HelloWorld" */;
			compatibilityVersion = "Xcode 8.0";
			developmentRegion = en;
			hasScannedForEncodings = 0;
			knownRegions = (
				en,
				Base,
			);
			mainGroup = 866B145C1F889DA80082B5C9;
			productRefGroup = 866B14661F889DA80082B5C9 /* Products */;
			projectDirPath = "";
			projectRoot = "";
			targets = (
				866B14641F889DA80082B5C9 /* HelloWorld */,
				866B147C1F889DA80082B5C9 /* HelloWorldTests */,
				866B14871F889DA80082B5C9 /* HelloWorldUITests */,
			);
		};
/* End PBXProject section */

/* Begin PBXResourcesBuildPhase section */
		866B14631F889DA80082B5C9 /* Resources */ = {
			isa = PBXResourcesBuildPhase;
			buildActionMask = 2147483647;
			files = (
				866B14751F889DA80082B5C9 /* LaunchScreen.storyboard in Resources */,
				866B14721F889DA80082B5C9 /* Assets.xcassets in Resources */,
				866B14701F889DA80082B5C9 /* Main.storyboard in Resources */,
			);
			runOnlyForDeploymentPostprocessing = 0;
		};
		866B147B1F889DA80082B5C9 /* Resources */ = {
			isa = PBXResourcesBuildPhase;
			buildActionMask = 2147483647;
			files = (
			);
			runOnlyForDeploymentPostprocessing = 0;
		};
		866B14861F889DA80082B5C9 /* Resources */ = {
			isa = PBXResourcesBuildPhase;
			buildActionMask = 2147483647;
			files = (
			);
			runOnlyForDeploymentPostprocessing = 0;
		};
/* End PBXResourcesBuildPhase section */

/* Begin PBXSourcesBuildPhase section */
		866B14611F889DA80082B5C9 /* Sources */ = {
			isa = PBXSourcesBuildPhase;
			buildActionMask = 2147483647;
			files = (
				866B146D1F889DA80082B5C9 /* ViewController.m in Sources */,
				866B14781F889DA80082B5C9 /* main.m in Sources */,
				868AA618206F73FB004D9F7E /* Person.m in Sources */,
				866B146A1F889DA80082B5C9 /* AppDelegate.m in Sources */,
			);
			runOnlyForDeploymentPostprocessing = 0;
		};
		866B14791F889DA80082B5C9 /* Sources */ = {
			isa = PBXSourcesBuildPhase;
			buildActionMask = 2147483647;
			files = (
				866B14821F889DA80082B5C9 /* HelloWorldTests.m in Sources */,
			);
			runOnlyForDeploymentPostprocessing = 0;
		};
		866B14841F889DA80082B5C9 /* Sources */ = {
			isa = PBXSourcesBuildPhase;
			buildActionMask = 2147483647;
			files = (
				866B148D1F889DA80082B5C9 /* HelloWorldUITests.m in Sources */,
			);
			runOnlyForDeploymentPostprocessing = 0;
		};
/* End PBXSourcesBuildPhase section */

/* Begin PBXTargetDependency section */
		866B147F1F889DA80082B5C9 /* PBXTargetDependency */ = {
			isa = PBXTargetDependency;
			target = 866B14641F889DA80082B5C9 /* HelloWorld */;
			targetProxy = 866B147E1F889DA80082B5C9 /* PBXContainerItemProxy */;
		};
		866B148A1F889DA80082B5C9 /* PBXTargetDependency */ = {
			isa = PBXTargetDependency;
			target = 866B14641F889DA80082B5C9 /* HelloWorld */;
			targetProxy = 866B14891F889DA80082B5C9 /* PBXContainerItemProxy */;
		};
/* End PBXTargetDependency section */

/* Begin PBXVariantGroup section */
		866B146E1F889DA80082B5C9 /* Main.storyboard */ = {
			isa = PBXVariantGroup;
			children = (
				866B146F1F889DA80082B5C9 /* Base */,
			);
			name = Main.storyboard;
			sourceTree = "<group>";
		};
		866B14731F889DA80082B5C9 /* LaunchScreen.storyboard */ = {
			isa = PBXVariantGroup;
			children = (
				866B14741F889DA80082B5C9 /* Base */,
			);
			name = LaunchScreen.storyboard;
			sourceTree = "<group>";
		};
/* End PBXVariantGroup section */

/* Begin XCBuildConfiguration section */
		866B148F1F889DA80082B5C9 /* Debug */ = {
			isa = XCBuildConfiguration;
			buildSettings = {
				ALWAYS_SEARCH_USER_PATHS = NO;
				CLANG_ANALYZER_NONNULL = YES;
				CLANG_ANALYZER_NUMBER_OBJECT_CONVERSION = YES_AGGRESSIVE;
				CLANG_CXX_LANGUAGE_STANDARD = "gnu++14";
				CLANG_CXX_LIBRARY = "libc++";
				CLANG_ENABLE_MODULES = YES;
				CLANG_ENABLE_OBJC_ARC = YES;
				CLANG_WARN_BLOCK_CAPTURE_AUTORELEASING = YES;
				CLANG_WARN_BOOL_CONVERSION = YES;
				CLANG_WARN_COMMA = YES;
				CLANG_WARN_CONSTANT_CONVERSION = YES;
				CLANG_WARN_DIRECT_OBJC_ISA_USAGE = YES_ERROR;
				CLANG_WARN_DOCUMENTATION_COMMENTS = YES;
				CLANG_WARN_EMPTY_BODY = YES;
				CLANG_WARN_ENUM_CONVERSION = YES;
				CLANG_WARN_INFINITE_RECURSION = YES;
				CLANG_WARN_INT_CONVERSION = YES;
				CLANG_WARN_NON_LITERAL_NULL_CONVERSION = YES;
				CLANG_WARN_OBJC_LITERAL_CONVERSION = YES;
				CLANG_WARN_OBJC_ROOT_CLASS = YES_ERROR;
				CLANG_WARN_RANGE_LOOP_ANALYSIS = YES;
				CLANG_WARN_STRICT_PROTOTYPES = YES;
				CLANG_WARN_SUSPICIOUS_MOVE = YES;
				CLANG_WARN_UNGUARDED_AVAILABILITY = YES_AGGRESSIVE;
				CLANG_WARN_UNREACHABLE_CODE = YES;
				CLANG_WARN__DUPLICATE_METHOD_MATCH = YES;
				CODE_SIGN_IDENTITY = "iPhone Developer";
				COPY_PHASE_STRIP = NO;
				DEBUG_INFORMATION_FORMAT = dwarf;
				ENABLE_STRICT_OBJC_MSGSEND = YES;
				ENABLE_TESTABILITY = YES;
				GCC_C_LANGUAGE_STANDARD = gnu11;
				GCC_DYNAMIC_NO_PIC = NO;
				GCC_NO_COMMON_BLOCKS = YES;
				GCC_OPTIMIZATION_LEVEL = 0;
				GCC_PREPROCESSOR_DEFINITIONS = (
					"DEBUG=1",
					"$(inherited)",
				);
				GCC_WARN_64_TO_32_BIT_CONVERSION = YES;
				GCC_WARN_ABOUT_RETURN_TYPE = YES_ERROR;
				GCC_WARN_UNDECLARED_SELECTOR = YES;
				GCC_WARN_UNINITIALIZED_AUTOS = YES_AGGRESSIVE;
				GCC_WARN_UNUSED_FUNCTION = YES;
				GCC_WARN_UNUSED_VARIABLE = YES;
				IPHONEOS_DEPLOYMENT_TARGET = 11.0;
				MTL_ENABLE_DEBUG_INFO = YES;
				ONLY_ACTIVE_ARCH = YES;
				SDKROOT = iphoneos;
			};
			name = Debug;
		};
		866B14901F889DA80082B5C9 /* Release */ = {
			isa = XCBuildConfiguration;
			buildSettings = {
				ALWAYS_SEARCH_USER_PATHS = NO;
				CLANG_ANALYZER_NONNULL = YES;
				CLANG_ANALYZER_NUMBER_OBJECT_CONVERSION = YES_AGGRESSIVE;
				CLANG_CXX_LANGUAGE_STANDARD = "gnu++14";
				CLANG_CXX_LIBRARY = "libc++";
				CLANG_ENABLE_MODULES = YES;
				CLANG_ENABLE_OBJC_ARC = YES;
				CLANG_WARN_BLOCK_CAPTURE_AUTORELEASING = YES;
				CLANG_WARN_BOOL_CONVERSION = YES;
				CLANG_WARN_COMMA = YES;
				CLANG_WARN_CONSTANT_CONVERSION = YES;
				CLANG_WARN_DIRECT_OBJC_ISA_USAGE = YES_ERROR;
				CLANG_WARN_DOCUMENTATION_COMMENTS = YES;
				CLANG_WARN_EMPTY_BODY = YES;
				CLANG_WARN_ENUM_CONVERSION = YES;
				CLANG_WARN_INFINITE_RECURSION = YES;
				CLANG_WARN_INT_CONVERSION = YES;
				CLANG_WARN_NON_LITERAL_NULL_CONVERSION = YES;
				CLANG_WARN_OBJC_LITERAL_CONVERSION = YES;
				CLANG_WARN_OBJC_ROOT_CLASS = YES_ERROR;
				CLANG_WARN_RANGE_LOOP_ANALYSIS = YES;
				CLANG_WARN_STRICT_PROTOTYPES = YES;
				CLANG_WARN_SUSPICIOUS_MOVE = YES;
				CLANG_WARN_UNGUARDED_AVAILABILITY = YES_AGGRESSIVE;
				CLANG_WARN_UNREACHABLE_CODE = YES;
				CLANG_WARN__DUPLICATE_METHOD_MATCH = YES;
				CODE_SIGN_IDENTITY = "iPhone Developer";
				COPY_PHASE_STRIP = NO;
				DEBUG_INFORMATION_FORMAT = "dwarf-with-dsym";
				ENABLE_NS_ASSERTIONS = NO;
				ENABLE_STRICT_OBJC_MSGSEND = YES;
				GCC_C_LANGUAGE_STANDARD = gnu11;
				GCC_NO_COMMON_BLOCKS = YES;
				GCC_WARN_64_TO_32_BIT_CONVERSION = YES;
				GCC_WARN_ABOUT_RETURN_TYPE = YES_ERROR;
				GCC_WARN_UNDECLARED_SELECTOR = YES;
				GCC_WARN_UNINITIALIZED_AUTOS = YES_AGGRESSIVE;
				GCC_WARN_UNUSED_FUNCTION = YES;
				GCC_WARN_UNUSED_VARIABLE = YES;
				IPHONEOS_DEPLOYMENT_TARGET = 11.0;
				MTL_ENABLE_DEBUG_INFO = NO;
				SDKROOT = iphoneos;
				VALIDATE_PRODUCT = YES;
			};
			name = Release;
		};
		866B14921F889DA80082B5C9 /* Debug */ = {
			isa = XCBuildConfiguration;
			buildSettings = {
				ASSETCATALOG_COMPILER_APPICON_NAME = AppIcon;
				CODE_SIGN_STYLE = Automatic;
				DEVELOPMENT_TEAM = 7B5K6948A3;
				INFOPLIST_FILE = HelloWorld/Info.plist;
				LD_RUNPATH_SEARCH_PATHS = "$(inherited) @executable_path/Frameworks";
				PRODUCT_BUNDLE_IDENTIFIER = cpx.HelloWorld;
				PRODUCT_NAME = "$(TARGET_NAME)";
				TARGETED_DEVICE_FAMILY = "1,2";
			};
			name = Debug;
		};
		866B14931F889DA80082B5C9 /* Release */ = {
			isa = XCBuildConfiguration;
			buildSettings = {
				ASSETCATALOG_COMPILER_APPICON_NAME = AppIcon;
				CODE_SIGN_STYLE = Automatic;
				DEVELOPMENT_TEAM = 7B5K6948A3;
				INFOPLIST_FILE = HelloWorld/Info.plist;
				LD_RUNPATH_SEARCH_PATHS = "$(inherited) @executable_path/Frameworks";
				PRODUCT_BUNDLE_IDENTIFIER = cpx.HelloWorld;
				PRODUCT_NAME = "$(TARGET_NAME)";
				TARGETED_DEVICE_FAMILY = "1,2";
			};
			name = Release;
		};
		866B14951F889DA80082B5C9 /* Debug */ = {
			isa = XCBuildConfiguration;
			buildSettings = {
				BUNDLE_LOADER = "$(TEST_HOST)";
				CODE_SIGN_STYLE = Automatic;
				DEVELOPMENT_TEAM = 7B5K6948A3;
				INFOPLIST_FILE = HelloWorldTests/Info.plist;
				LD_RUNPATH_SEARCH_PATHS = "$(inherited) @executable_path/Frameworks @loader_path/Frameworks";
				PRODUCT_BUNDLE_IDENTIFIER = cpx.HelloWorldTests;
				PRODUCT_NAME = "$(TARGET_NAME)";
				TARGETED_DEVICE_FAMILY = "1,2";
				TEST_HOST = "$(BUILT_PRODUCTS_DIR)/HelloWorld.app/HelloWorld";
			};
			name = Debug;
		};
		866B14961F889DA80082B5C9 /* Release */ = {
			isa = XCBuildConfiguration;
			buildSettings = {
				BUNDLE_LOADER = "$(TEST_HOST)";
				CODE_SIGN_STYLE = Automatic;
				DEVELOPMENT_TEAM = 7B5K6948A3;
				INFOPLIST_FILE = HelloWorldTests/Info.plist;
				LD_RUNPATH_SEARCH_PATHS = "$(inherited) @executable_path/Frameworks @loader_path/Frameworks";
				PRODUCT_BUNDLE_IDENTIFIER = cpx.HelloWorldTests;
				PRODUCT_NAME = "$(TARGET_NAME)";
				TARGETED_DEVICE_FAMILY = "1,2";
				TEST_HOST = "$(BUILT_PRODUCTS_DIR)/HelloWorld.app/HelloWorld";
			};
			name = Release;
		};
		866B14981F889DA80082B5C9 /* Debug */ = {
			isa = XCBuildConfiguration;
			buildSettings = {
				CODE_SIGN_STYLE = Automatic;
				DEVELOPMENT_TEAM = 7B5K6948A3;
				INFOPLIST_FILE = HelloWorldUITests/Info.plist;
				LD_RUNPATH_SEARCH_PATHS = "$(inherited) @executable_path/Frameworks @loader_path/Frameworks";
				PRODUCT_BUNDLE_IDENTIFIER = cpx.HelloWorldUITests;
				PRODUCT_NAME = "$(TARGET_NAME)";
				TARGETED_DEVICE_FAMILY = "1,2";
				TEST_TARGET_NAME = HelloWorld;
			};
			name = Debug;
		};
		866B14991F889DA80082B5C9 /* Release */ = {
			isa = XCBuildConfiguration;
			buildSettings = {
				CODE_SIGN_STYLE = Automatic;
				DEVELOPMENT_TEAM = 7B5K6948A3;
				INFOPLIST_FILE = HelloWorldUITests/Info.plist;
				LD_RUNPATH_SEARCH_PATHS = "$(inherited) @executable_path/Frameworks @loader_path/Frameworks";
				PRODUCT_BUNDLE_IDENTIFIER = cpx.HelloWorldUITests;
				PRODUCT_NAME = "$(TARGET_NAME)";
				TARGETED_DEVICE_FAMILY = "1,2";
				TEST_TARGET_NAME = HelloWorld;
			};
			name = Release;
		};
/* End XCBuildConfiguration section */

/* Begin XCConfigurationList section */
		866B14601F889DA80082B5C9 /* Build configuration list for PBXProject "HelloWorld" */ = {
			isa = XCConfigurationList;
			buildConfigurations = (
				866B148F1F889DA80082B5C9 /* Debug */,
				866B14901F889DA80082B5C9 /* Release */,
			);
			defaultConfigurationIsVisible = 0;
			defaultConfigurationName = Release;
		};
		866B14911F889DA80082B5C9 /* Build configuration list for PBXNativeTarget "HelloWorld" */ = {
			isa = XCConfigurationList;
			buildConfigurations = (
				866B14921F889DA80082B5C9 /* Debug */,
				866B14931F889DA80082B5C9 /* Release */,
			);
			defaultConfigurationIsVisible = 0;
			defaultConfigurationName = Release;
		};
		866B14941F889DA80082B5C9 /* Build configuration list for PBXNativeTarget "HelloWorldTests" */ = {
			isa = XCConfigurationList;
			buildConfigurations = (
				866B14951F889DA80082B5C9 /* Debug */,
				866B14961F889DA80082B5C9 /* Release */,
			);
			defaultConfigurationIsVisible = 0;
			defaultConfigurationName = Release;
		};
		866B14971F889DA80082B5C9 /* Build configuration list for PBXNativeTarget "HelloWorldUITests" */ = {
			isa = XCConfigurationList;
			buildConfigurations = (
				866B14981F889DA80082B5C9 /* Debug */,
				866B14991F889DA80082B5C9 /* Release */,
			);
			defaultConfigurationIsVisible = 0;
			defaultConfigurationName = Release;
		};
/* End XCConfigurationList section */
	};
	rootObject = 866B145D1F889DA80082B5C9 /* Project object */;
}
